
Microsoft Visual Studio Solution File, Format Version 12.00
# Visual Studio Version 17
VisualStudioVersion = 17.7.34031.279
MinimumVisualStudioVersion = 10.0.40219.1
Project("{FAE04EC0-301F-11D3-BF4B-00C04F79EFBC}") = "TheCSVConverter", "TheCSVConverter\TheCSVConverter.csproj", "{F879316C-0C91-4FAE-8F74-66FD5145D855}"
EndProject
Global
	GlobalSection(SolutionConfigurationPlatforms) = preSolution
		Debug|Any CPU = Debug|Any CPU
		Release|Any CPU = Release|Any CPU
	EndGlobalSection
	GlobalSection(ProjectConfigurationPlatforms) = postSolution
		{F879316C-0C91-4FAE-8F74-66FD5145D855}.Debug|Any CPU.ActiveCfg = Debug|Any CPU
		{F879316C-0C91-4FAE-8F74-66FD5145D855}.Debug|Any CPU.Build.0 = Debug|Any CPU
		{F879316C-0C91-4FAE-8F74-66FD5145D855}.Release|Any CPU.ActiveCfg = Release|Any CPU
		{F879316C-0C91-4FAE-8F74-66FD5145D855}.Release|Any CPU.Build.0 = Release|Any CPU
	EndGlobalSection
	GlobalSection(SolutionProperties) = preSolution
		HideSolutionNode = FALSE
	EndGlobalSection
	GlobalSection(ExtensibilityGlobals) = postSolution
		SolutionGuid = {7F6F2558-4738-4BA4-BCB2-D396C88796DB}
	EndGlobalSection
EndGlobal
